// !$*UTF8*$!
{
	archiveVersion = 1;
	classes = {
	};
	objectVersion = 56;
	objects = {

/* Begin PBXBuildFile section */
		B00000000000000000000101 /* ReminderApp.swift in Sources */ = {isa = PBXBuildFile; fileRef = B00000000000000000000001 /* ReminderApp.swift */; };
		B00000000000000000000102 /* Alarm.swift in Sources */ = {isa = PBXBuildFile; fileRef = B00000000000000000000002 /* Alarm.swift */; };
		B00000000000000000000103 /* AlarmDateValidator.swift in Sources */ = {isa = PBXBuildFile; fileRef = B00000000000000000000003 /* AlarmDateValidator.swift */; };
		B00000000000000000000104 /* AlarmScheduler.swift in Sources */ = {isa = PBXBuildFile; fileRef = B00000000000000000000004 /* AlarmScheduler.swift */; };
		B00000000000000000000105 /* AlarmListView.swift in Sources */ = {isa = PBXBuildFile; fileRef = B00000000000000000000005 /* AlarmListView.swift */; };
		B00000000000000000000106 /* AddAlarmView.swift in Sources */ = {isa = PBXBuildFile; fileRef = B00000000000000000000006 /* AddAlarmView.swift */; };
		B00000000000000000000107 /* Assets.xcassets in Resources */ = {isa = PBXBuildFile; fileRef = B00000000000000000000007 /* Assets.xcassets */; };
		B00000000000000000000108 /* AlarmDateValidatorTests.swift in Sources */ = {isa = PBXBuildFile; fileRef = B00000000000000000000008 /* AlarmDateValidatorTests.swift */; };
/* End PBXBuildFile section */

/* Begin PBXContainerItemProxy section */
		B00000000000000000000201 /* PBXContainerItemProxy */ = {
			isa = PBXContainerItemProxy;
			containerPortal = B00000000000000000000301 /* Project object */;
			proxyType = 1;
			remoteGlobalIDString = B00000000000000000000401;
			remoteInfo = Reminder;
		};
/* End PBXContainerItemProxy section */

/* Begin PBXFileReference section */
		B00000000000000000000001 /* ReminderApp.swift */ = {isa = PBXFileReference; lastKnownFileType = sourcecode.swift; path = ReminderApp.swift; sourceTree = "<group>"; };
		B00000000000000000000002 /* Alarm.swift */ = {isa = PBXFileReference; lastKnownFileType = sourcecode.swift; path = Alarm.swift; sourceTree = "<group>"; };
		B00000000000000000000003 /* AlarmDateValidator.swift */ = {isa = PBXFileReference; lastKnownFileType = sourcecode.swift; path = AlarmDateValidator.swift; sourceTree = "<group>"; };
		B00000000000000000000004 /* AlarmScheduler.swift */ = {isa = PBXFileReference; lastKnownFileType = sourcecode.swift; path = AlarmScheduler.swift; sourceTree = "<group>"; };
		B00000000000000000000005 /* AlarmListView.swift */ = {isa = PBXFileReference; lastKnownFileType = sourcecode.swift; path = AlarmListView.swift; sourceTree = "<group>"; };
		B00000000000000000000006 /* AddAlarmView.swift */ = {isa = PBXFileReference; lastKnownFileType = sourcecode.swift; path = AddAlarmView.swift; sourceTree = "<group>"; };
		B00000000000000000000007 /* Assets.xcassets */ = {isa = PBXFileReference; lastKnownFileType = folder.assetcatalog; path = Assets.xcassets; sourceTree = "<group>"; };
		B00000000000000000000008 /* AlarmDateValidatorTests.swift */ = {isa = PBXFileReference; lastKnownFileType = sourcecode.swift; path = AlarmDateValidatorTests.swift; sourceTree = "<group>"; };
		B00000000000000000000009 /* Reminder.app */ = {isa = PBXFileReference; explicitFileType = wrapper.application; includeInIndex = 0; path = Reminder.app; sourceTree = BUILT_PRODUCTS_DIR; };
		B0000000000000000000000A /* ReminderTests.xctest */ = {isa = PBXFileReference; explicitFileType = wrapper.cfbundle; includeInIndex = 0; path = ReminderTests.xctest; sourceTree = BUILT_PRODUCTS_DIR; };
/* End PBXFileReference section */

/* Begin PBXFrameworksBuildPhase section */
		B00000000000000000000501 /* Frameworks */ = {isa = PBXFrameworksBuildPhase; buildActionMask = 2147483647; files = (); runOnlyForDeploymentPostprocessing = 0; };
		B00000000000000000000502 /* Frameworks */ = {isa = PBXFrameworksBuildPhase; buildActionMask = 2147483647; files = (); runOnlyForDeploymentPostprocessing = 0; };
/* End PBXFrameworksBuildPhase section */

/* Begin PBXGroup section */
		B00000000000000000000601 = {
			isa = PBXGroup;
			children = (
				B00000000000000000000602 /* Reminder */,
				B00000000000000000000607 /* ReminderTests */,
				B00000000000000000000608 /* Products */,
			);
			sourceTree = "<group>";
		};
		B00000000000000000000602 /* Reminder */ = {
			isa = PBXGroup;
			children = (
				B00000000000000000000603 /* App */,
				B00000000000000000000604 /* Models */,
				B00000000000000000000605 /* Services */,
				B00000000000000000000606 /* Views */,
				B00000000000000000000609 /* Resources */,
			);
			path = Reminder;
			sourceTree = "<group>";
		};
		B00000000000000000000603 /* App */ = {isa = PBXGroup; children = (B00000000000000000000001 /* ReminderApp.swift */,); path = App; sourceTree = "<group>"; };
		B00000000000000000000604 /* Models */ = {isa = PBXGroup; children = (B00000000000000000000002 /* Alarm.swift */,); path = Models; sourceTree = "<group>"; };
		B00000000000000000000605 /* Services */ = {isa = PBXGroup; children = (B00000000000000000000003 /* AlarmDateValidator.swift */, B00000000000000000000004 /* AlarmScheduler.swift */,); path = Services; sourceTree = "<group>"; };
		B00000000000000000000606 /* Views */ = {isa = PBXGroup; children = (B00000000000000000000005 /* AlarmListView.swift */, B00000000000000000000006 /* AddAlarmView.swift */,); path = Views; sourceTree = "<group>"; };
		B00000000000000000000607 /* ReminderTests */ = {isa = PBXGroup; children = (B00000000000000000000008 /* AlarmDateValidatorTests.swift */,); path = ReminderTests; sourceTree = "<group>"; };
		B00000000000000000000608 /* Products */ = {isa = PBXGroup; children = (B00000000000000000000009 /* Reminder.app */, B0000000000000000000000A /* ReminderTests.xctest */,); name = Products; sourceTree = "<group>"; };
		B00000000000000000000609 /* Resources */ = {isa = PBXGroup; children = (B00000000000000000000007 /* Assets.xcassets */,); path = Resources; sourceTree = "<group>"; };
/* End PBXGroup section */

/* Begin PBXNativeTarget section */
		B00000000000000000000401 /* Reminder */ = {
			isa = PBXNativeTarget;
			buildConfigurationList = B00000000000000000000701 /* Build configuration list for PBXNativeTarget "Reminder" */;
			buildPhases = (B00000000000000000000801 /* Sources */, B00000000000000000000501 /* Frameworks */, B00000000000000000000802 /* Resources */,);
			buildRules = ();
			dependencies = ();
			name = Reminder;
			productName = Reminder;
			productReference = B00000000000000000000009 /* Reminder.app */;
			productType = "com.apple.product-type.application";
		};
		B00000000000000000000402 /* ReminderTests */ = {
			isa = PBXNativeTarget;
			buildConfigurationList = B00000000000000000000702 /* Build configuration list for PBXNativeTarget "ReminderTests" */;
			buildPhases = (B00000000000000000000803 /* Sources */, B00000000000000000000502 /* Frameworks */,);
			buildRules = ();
			dependencies = (B00000000000000000000901 /* PBXTargetDependency */,);
			name = ReminderTests;
			productName = ReminderTests;
			productReference = B0000000000000000000000A /* ReminderTests.xctest */;
			productType = "com.apple.product-type.bundle.unit-test";
		};
/* End PBXNativeTarget section */

/* Begin PBXProject section */
		B00000000000000000000301 /* Project object */ = {
			isa = PBXProject;
			attributes = {
				BuildIndependentTargetsInParallel = 1;
				LastSwiftUpdateCheck = 1500;
				LastUpgradeCheck = 1500;
				TargetAttributes = {
					B00000000000000000000401 = {CreatedOnToolsVersion = 15.0; };
					B00000000000000000000402 = {CreatedOnToolsVersion = 15.0; TestTargetID = B00000000000000000000401; };
				};
			};
			buildConfigurationList = B00000000000000000000703 /* Build configuration list for PBXProject "Reminder" */;
			compatibilityVersion = "Xcode 14.0";
			developmentRegion = zh_Hans;
			hasScannedForEncodings = 0;
			knownRegions = (en, Base, zh_Hans,);
			mainGroup = B00000000000000000000601;
			productRefGroup = B00000000000000000000608 /* Products */;
			projectDirPath = "";
			projectRoot = "";
			targets = (B00000000000000000000401 /* Reminder */, B00000000000000000000402 /* ReminderTests */,);
		};
/* End PBXProject section */

/* Begin PBXResourcesBuildPhase section */
		B00000000000000000000802 /* Resources */ = {isa = PBXResourcesBuildPhase; buildActionMask = 2147483647; files = (B00000000000000000000107 /* Assets.xcassets in Resources */,); runOnlyForDeploymentPostprocessing = 0; };
/* End PBXResourcesBuildPhase section */

/* Begin PBXSourcesBuildPhase section */
		B00000000000000000000801 /* Sources */ = {
			isa = PBXSourcesBuildPhase;
			buildActionMask = 2147483647;
			files = (
				B00000000000000000000101 /* ReminderApp.swift in Sources */,
				B00000000000000000000102 /* Alarm.swift in Sources */,
				B00000000000000000000103 /* AlarmDateValidator.swift in Sources */,
				B00000000000000000000104 /* AlarmScheduler.swift in Sources */,
				B00000000000000000000105 /* AlarmListView.swift in Sources */,
				B00000000000000000000106 /* AddAlarmView.swift in Sources */,
			);
			runOnlyForDeploymentPostprocessing = 0;
		};
		B00000000000000000000803 /* Sources */ = {isa = PBXSourcesBuildPhase; buildActionMask = 2147483647; files = (B00000000000000000000108 /* AlarmDateValidatorTests.swift in Sources */,); runOnlyForDeploymentPostprocessing = 0; };
/* End PBXSourcesBuildPhase section */

/* Begin PBXTargetDependency section */
		B00000000000000000000901 /* PBXTargetDependency */ = {isa = PBXTargetDependency; target = B00000000000000000000401 /* Reminder */; targetProxy = B00000000000000000000201 /* PBXContainerItemProxy */; };
/* End PBXTargetDependency section */

/* Begin XCBuildConfiguration section */
		B00000000000000000000A01 /* Debug */ = {
			isa = XCBuildConfiguration;
			buildSettings = {
				ASSETCATALOG_COMPILER_GLOBAL_ACCENT_COLOR_NAME = AccentColor;
				CODE_SIGN_STYLE = Automatic;
				CURRENT_PROJECT_VERSION = 1;
				DEVELOPMENT_ASSET_PATHS = "";
				GENERATE_INFOPLIST_FILE = YES;
				INFOPLIST_KEY_CFBundleDisplayName = "定时提醒";
				INFOPLIST_KEY_LSApplicationCategoryType = "public.app-category.productivity";
				INFOPLIST_KEY_UIApplicationSceneManifest_Generation = YES;
				INFOPLIST_KEY_UIApplicationSupportsIndirectInputEvents = YES;
				INFOPLIST_KEY_UILaunchScreen_Generation = YES;
				IPHONEOS_DEPLOYMENT_TARGET = 17.0;
				LD_RUNPATH_SEARCH_PATHS = ("$(inherited)", "@executable_path/Frameworks",);
				MARKETING_VERSION = 1.0;
				PRODUCT_BUNDLE_IDENTIFIER = com.example.Reminder;
				PRODUCT_NAME = "$(TARGET_NAME)";
				SUPPORTED_PLATFORMS = "iphoneos iphonesimulator";
				SUPPORTS_MACCATALYST = NO;
				SWIFT_EMIT_LOC_STRINGS = YES;
				SWIFT_VERSION = 5.0;
				TARGETED_DEVICE_FAMILY = "1,2";
			};
			name = Debug;
		};
		B00000000000000000000A02 /* Release */ = {
			isa = XCBuildConfiguration;
			buildSettings = {
				ASSETCATALOG_COMPILER_GLOBAL_ACCENT_COLOR_NAME = AccentColor;
				CODE_SIGN_STYLE = Automatic;
				CURRENT_PROJECT_VERSION = 1;
				GENERATE_INFOPLIST_FILE = YES;
				INFOPLIST_KEY_CFBundleDisplayName = "定时提醒";
				INFOPLIST_KEY_LSApplicationCategoryType = "public.app-category.productivity";
				INFOPLIST_KEY_UIApplicationSceneManifest_Generation = YES;
				INFOPLIST_KEY_UIApplicationSupportsIndirectInputEvents = YES;
				INFOPLIST_KEY_UILaunchScreen_Generation = YES;
				IPHONEOS_DEPLOYMENT_TARGET = 17.0;
				LD_RUNPATH_SEARCH_PATHS = ("$(inherited)", "@executable_path/Frameworks",);
				MARKETING_VERSION = 1.0;
				PRODUCT_BUNDLE_IDENTIFIER = com.example.Reminder;
				PRODUCT_NAME = "$(TARGET_NAME)";
				SUPPORTED_PLATFORMS = "iphoneos iphonesimulator";
				SUPPORTS_MACCATALYST = NO;
				SWIFT_EMIT_LOC_STRINGS = YES;
				SWIFT_VERSION = 5.0;
				TARGETED_DEVICE_FAMILY = "1,2";
			};
			name = Release;
		};
		B00000000000000000000A03 /* Debug */ = {
			isa = XCBuildConfiguration;
			buildSettings = {
				BUNDLE_LOADER = "$(TEST_HOST)";
				CODE_SIGN_STYLE = Automatic;
				GENERATE_INFOPLIST_FILE = YES;
				IPHONEOS_DEPLOYMENT_TARGET = 17.0;
				PRODUCT_BUNDLE_IDENTIFIER = com.example.ReminderTests;
				PRODUCT_NAME = "$(TARGET_NAME)";
				SWIFT_VERSION = 5.0;
				TARGETED_DEVICE_FAMILY = "1,2";
				TEST_HOST = "$(BUILT_PRODUCTS_DIR)/Reminder.app/$(BUNDLE_EXECUTABLE_FOLDER_PATH)/Reminder";
			};
			name = Debug;
		};
		B00000000000000000000A04 /* Release */ = {
			isa = XCBuildConfiguration;
			buildSettings = {
				BUNDLE_LOADER = "$(TEST_HOST)";
				CODE_SIGN_STYLE = Automatic;
				GENERATE_INFOPLIST_FILE = YES;
				IPHONEOS_DEPLOYMENT_TARGET = 17.0;
				PRODUCT_BUNDLE_IDENTIFIER = com.example.ReminderTests;
				PRODUCT_NAME = "$(TARGET_NAME)";
				SWIFT_VERSION = 5.0;
				TARGETED_DEVICE_FAMILY = "1,2";
				TEST_HOST = "$(BUILT_PRODUCTS_DIR)/Reminder.app/$(BUNDLE_EXECUTABLE_FOLDER_PATH)/Reminder";
			};
			name = Release;
		};
		B00000000000000000000A05 /* Debug */ = {
			isa = XCBuildConfiguration;
			buildSettings = {
				ALWAYS_SEARCH_USER_PATHS = NO;
				CLANG_ENABLE_MODULES = YES;
				CLANG_ENABLE_OBJC_ARC = YES;
				COPY_PHASE_STRIP = NO;
				DEBUG_INFORMATION_FORMAT = dwarf;
				ENABLE_TESTABILITY = YES;
				GCC_C_LANGUAGE_STANDARD = gnu17;
				GCC_OPTIMIZATION_LEVEL = 0;
				ONLY_ACTIVE_ARCH = YES;
				SDKROOT = iphoneos;
				SWIFT_ACTIVE_COMPILATION_CONDITIONS = DEBUG;
				SWIFT_OPTIMIZATION_LEVEL = "-Onone";
			};
			name = Debug;
		};
		B00000000000000000000A06 /* Release */ = {
			isa = XCBuildConfiguration;
			buildSettings = {
				ALWAYS_SEARCH_USER_PATHS = NO;
				CLANG_ENABLE_MODULES = YES;
				CLANG_ENABLE_OBJC_ARC = YES;
				DEBUG_INFORMATION_FORMAT = "dwarf-with-dsym";
				ENABLE_NS_ASSERTIONS = NO;
				GCC_C_LANGUAGE_STANDARD = gnu17;
				SDKROOT = iphoneos;
				SWIFT_COMPILATION_MODE = wholemodule;
				VALIDATE_PRODUCT = YES;
			};
			name = Release;
		};
/* End XCBuildConfiguration section */

/* Begin XCConfigurationList section */
		B00000000000000000000701 /* Build configuration list for PBXNativeTarget "Reminder" */ = {isa = XCConfigurationList; buildConfigurations = (B00000000000000000000A01 /* Debug */, B00000000000000000000A02 /* Release */,); defaultConfigurationIsVisible = 0; defaultConfigurationName = Release; };
		B00000000000000000000702 /* Build configuration list for PBXNativeTarget "ReminderTests" */ = {isa = XCConfigurationList; buildConfigurations = (B00000000000000000000A03 /* Debug */, B00000000000000000000A04 /* Release */,); defaultConfigurationIsVisible = 0; defaultConfigurationName = Release; };
		B00000000000000000000703 /* Build configuration list for PBXProject "Reminder" */ = {isa = XCConfigurationList; buildConfigurations = (B00000000000000000000A05 /* Debug */, B00000000000000000000A06 /* Release */,); defaultConfigurationIsVisible = 0; defaultConfigurationName = Release; };
/* End XCConfigurationList section */
	};
	rootObject = B00000000000000000000301 /* Project object */;
}
